
Microsoft Visual Studio Solution File, Format Version 12.00
# Visual Studio Version 16
VisualStudioVersion = 16.0.30804.86
MinimumVisualStudioVersion = 10.0.40219.1
Project("{FAE04EC0-301F-11D3-BF4B-00C04F79EFBC}") = "ReadersAccountingClient", "ReadersAccountingClient\ReadersAccountingClient.csproj", "{6412C292-2931-46AC-A00A-19EEFEAC5136}"
EndProject
Global
	GlobalSection(SolutionConfigurationPlatforms) = preSolution
		Debug|Any CPU = Debug|Any CPU
		Release|Any CPU = Release|Any CPU
	EndGlobalSection
	GlobalSection(ProjectConfigurationPlatforms) = postSolution
		{6412C292-2931-46AC-A00A-19EEFEAC5136}.Debug|Any CPU.ActiveCfg = Debug|Any CPU
		{6412C292-2931-46AC-A00A-19EEFEAC5136}.Debug|Any CPU.Build.0 = Debug|Any CPU
		{6412C292-2931-46AC-A00A-19EEFEAC5136}.Release|Any CPU.ActiveCfg = Release|Any CPU
		{6412C292-2931-46AC-A00A-19EEFEAC5136}.Release|Any CPU.Build.0 = Release|Any CPU
	EndGlobalSection
	GlobalSection(SolutionProperties) = preSolution
		HideSolutionNode = FALSE
	EndGlobalSection
	GlobalSection(ExtensibilityGlobals) = postSolution
		SolutionGuid = {A8F2BF4C-79AD-489C-B5B4-2EE27FE8C6C0}
	EndGlobalSection
EndGlobal
